
Microsoft Visual Studio Solution File, Format Version 12.00
# Visual Studio Version 16
VisualStudioVersion = 16.0.30204.135
MinimumVisualStudioVersion = 10.0.40219.1
Project("{FAE04EC0-301F-11D3-BF4B-00C04F79EFBC}") = "ARMO", "ARMO\ARMO.csproj", "{6E65FED0-07C7-483D-8330-3136C09A8243}"
EndProject
Global
	GlobalSection(SolutionConfigurationPlatforms) = preSolution
		Debug|Any CPU = Debug|Any CPU
		Release|Any CPU = Release|Any CPU
	EndGlobalSection
	GlobalSection(ProjectConfigurationPlatforms) = postSolution
		{6E65FED0-07C7-483D-8330-3136C09A8243}.Debug|Any CPU.ActiveCfg = Debug|Any CPU
		{6E65FED0-07C7-483D-8330-3136C09A8243}.Debug|Any CPU.Build.0 = Debug|Any CPU
		{6E65FED0-07C7-483D-8330-3136C09A8243}.Release|Any CPU.ActiveCfg = Release|Any CPU
		{6E65FED0-07C7-483D-8330-3136C09A8243}.Release|Any CPU.Build.0 = Release|Any CPU
	EndGlobalSection
	GlobalSection(SolutionProperties) = preSolution
		HideSolutionNode = FALSE
	EndGlobalSection
	GlobalSection(ExtensibilityGlobals) = postSolution
		SolutionGuid = {D666EA68-33C6-4F0E-A615-AB81211B7353}
	EndGlobalSection
EndGlobal
